
Microsoft Visual Studio Solution File, Format Version 12.00
# Visual Studio Version 16
VisualStudioVersion = 16.0.30503.244
MinimumVisualStudioVersion = 10.0.40219.1
Project("{9A19103F-16F7-4668-BE54-9A1E7A4F7556}") = "AreaTriangle", "object_oriented_programming\AreaTriangle.csproj", "{D2A5BAB4-2ABD-401C-B59D-64ABA9DBE275}"
EndProject
Project("{9A19103F-16F7-4668-BE54-9A1E7A4F7556}") = "PersonData", "person_data\PersonData.csproj", "{157DBF1E-CEFA-4DEC-89E0-3E2F78491E4E}"
EndProject
Project("{9A19103F-16F7-4668-BE54-9A1E7A4F7556}") = "AverageSalary", "average_salary\AverageSalary.csproj", "{3F4B903F-F025-4ACC-8A1A-B972F200883A}"
EndProject
Project("{9A19103F-16F7-4668-BE54-9A1E7A4F7556}") = "Stock", "stock\Stock.csproj", "{8495B31A-498A-47FC-9BF2-391C81C0482F}"
EndProject
Project("{9A19103F-16F7-4668-BE54-9A1E7A4F7556}") = "FrequencySystem", "frequency_system\FrequencySystem.csproj", "{66B52C77-9D17-4614-BD56-7F891633DFF1}"
EndProject
Project("{9A19103F-16F7-4668-BE54-9A1E7A4F7556}") = "Rectangle", "rectangle\Rectangle.csproj", "{ECE985FB-6876-49C6-B035-55997F865C2F}"
EndProject
Project("{9A19103F-16F7-4668-BE54-9A1E7A4F7556}") = "EmployeeData", "Employee_data\EmployeeData.csproj", "{41411449-A094-4244-83E7-B1CA4C4E965B}"
EndProject
Project("{9A19103F-16F7-4668-BE54-9A1E7A4F7556}") = "FinalGrade", "Final Grade\FinalGrade.csproj", "{808E71DA-DDD0-4713-A932-4F601E1661EF}"
EndProject
Project("{9A19103F-16F7-4668-BE54-9A1E7A4F7556}") = "DollarPrice", "Dollar Price\DollarPrice.csproj", "{F4FDAE03-D513-4895-AAB3-7BD549CBD138}"
EndProject
Project("{9A19103F-16F7-4668-BE54-9A1E7A4F7556}") = "BankAccount", "BankAccount\BankAccount.csproj", "{842FD532-F878-44C8-B6F3-E09ED89DF135}"
EndProject
Project("{9A19103F-16F7-4668-BE54-9A1E7A4F7556}") = "StructProject", "StructProject\StructProject.csproj", "{C37B2A6E-6CB5-4CB1-8EF1-90DAD9978FEE}"
EndProject
Project("{9A19103F-16F7-4668-BE54-9A1E7A4F7556}") = "Nullable", "Nullable\Nullable.csproj", "{BEA5A5ED-8D52-48CA-8AB3-AF6F09BBB7D4}"
EndProject
Project("{9A19103F-16F7-4668-BE54-9A1E7A4F7556}") = "Herança", "Herança\Herança.csproj", "{ADFEA51D-69C5-4E4B-A034-8CD776E12142}"
EndProject
Project("{9A19103F-16F7-4668-BE54-9A1E7A4F7556}") = "Enumerações", "Enumerações\Enumerações.csproj", "{5E8AB0A4-E90B-4FA8-996C-93AFB71C2CC0}"
EndProject
Project("{9A19103F-16F7-4668-BE54-9A1E7A4F7556}") = "Vetores", "Vetores\Vetores.csproj", "{2F9B7924-74F2-471F-9C7A-FD2BE1FDFDF6}"
EndProject
Project("{9A19103F-16F7-4668-BE54-9A1E7A4F7556}") = "Vetores2", "Vetores2\Vetores2.csproj", "{92949A34-FAF9-4719-A573-42CDD9790258}"
EndProject
Project("{9A19103F-16F7-4668-BE54-9A1E7A4F7556}") = "BusyRooms", "BusyRooms\BusyRooms.csproj", "{EE46C6C6-B08F-43FF-ACD6-0C426B3AF487}"
EndProject
Project("{9A19103F-16F7-4668-BE54-9A1E7A4F7556}") = "Params", "Params\Params.csproj", "{50FA0629-FE4C-4128-B651-70577499A87D}"
EndProject
Project("{9A19103F-16F7-4668-BE54-9A1E7A4F7556}") = "RefAndOut", "RefAndOut\RefAndOut.csproj", "{C1B4E6BD-4513-4031-8EBA-14A906B3580E}"
EndProject
Project("{9A19103F-16F7-4668-BE54-9A1E7A4F7556}") = "ForEach", "ForEach\ForEach.csproj", "{328B9205-A107-4D3C-A5C0-FD703B3FDC94}"
EndProject
Project("{9A19103F-16F7-4668-BE54-9A1E7A4F7556}") = "ListExercise", "ListExercise\ListExercise.csproj", "{0349B0A6-C1D7-4170-B1C4-EAB6B9F6DBDC}"
EndProject
Project("{9A19103F-16F7-4668-BE54-9A1E7A4F7556}") = "Matriz", "Matriz\Matriz.csproj", "{A63197C7-C672-4900-92EB-9D645605A05E}"
EndProject
Project("{9A19103F-16F7-4668-BE54-9A1E7A4F7556}") = "MatrizExercise", "MatrizExercise\MatrizExercise.csproj", "{91FAE0D9-8B87-4411-A9E8-A5DBA46F3153}"
EndProject
Project("{9A19103F-16F7-4668-BE54-9A1E7A4F7556}") = "MatrizFixationExercise", "MatrizFixationExercise\MatrizFixationExercise.csproj", "{9E5E40AF-DBE5-43C4-A657-3E6ECE4E7B63}"
EndProject
Project("{9A19103F-16F7-4668-BE54-9A1E7A4F7556}") = "TernaryConditionalExpression", "TernaryConditionalExpression\TernaryConditionalExpression.csproj", "{33268200-FBC9-4678-AB6A-14AA13D64AB3}"
EndProject
Project("{9A19103F-16F7-4668-BE54-9A1E7A4F7556}") = "Composition", "Composition\Composition.csproj", "{3027804E-C4A9-466B-A880-873230AA74AF}"
EndProject
Project("{9A19103F-16F7-4668-BE54-9A1E7A4F7556}") = "DemoStringBuilder", "DemoStringBuilder\DemoStringBuilder.csproj", "{BAB0288C-403B-43FA-8E7F-DA79F1B17C54}"
EndProject
Project("{9A19103F-16F7-4668-BE54-9A1E7A4F7556}") = "CompositionAndEnum", "CompositionAndEnum\CompositionAndEnum.csproj", "{690E34FE-099B-4B78-9FC0-38EC53F5453E}"
EndProject
Project("{9A19103F-16F7-4668-BE54-9A1E7A4F7556}") = "Payments", "Payments\Payments.csproj", "{B447A898-A421-4324-90EB-1D31DD51F858}"
EndProject
Project("{FAE04EC0-301F-11D3-BF4B-00C04F79EFBC}") = "PriceTags", "PriceTags\PriceTags.csproj", "{163BD585-98B5-4E20-8C44-F8AF95542169}"
EndProject
Global
	GlobalSection(SolutionConfigurationPlatforms) = preSolution
		Debug|Any CPU = Debug|Any CPU
		Release|Any CPU = Release|Any CPU
	EndGlobalSection
	GlobalSection(ProjectConfigurationPlatforms) = postSolution
		{D2A5BAB4-2ABD-401C-B59D-64ABA9DBE275}.Debug|Any CPU.ActiveCfg = Debug|Any CPU
		{D2A5BAB4-2ABD-401C-B59D-64ABA9DBE275}.Debug|Any CPU.Build.0 = Debug|Any CPU
		{D2A5BAB4-2ABD-401C-B59D-64ABA9DBE275}.Release|Any CPU.ActiveCfg = Release|Any CPU
		{D2A5BAB4-2ABD-401C-B59D-64ABA9DBE275}.Release|Any CPU.Build.0 = Release|Any CPU
		{157DBF1E-CEFA-4DEC-89E0-3E2F78491E4E}.Debug|Any CPU.ActiveCfg = Debug|Any CPU
		{157DBF1E-CEFA-4DEC-89E0-3E2F78491E4E}.Debug|Any CPU.Build.0 = Debug|Any CPU
		{157DBF1E-CEFA-4DEC-89E0-3E2F78491E4E}.Release|Any CPU.ActiveCfg = Release|Any CPU
		{157DBF1E-CEFA-4DEC-89E0-3E2F78491E4E}.Release|Any CPU.Build.0 = Release|Any CPU
		{3F4B903F-F025-4ACC-8A1A-B972F200883A}.Debug|Any CPU.ActiveCfg = Debug|Any CPU
		{3F4B903F-F025-4ACC-8A1A-B972F200883A}.Debug|Any CPU.Build.0 = Debug|Any CPU
		{3F4B903F-F025-4ACC-8A1A-B972F200883A}.Release|Any CPU.ActiveCfg = Release|Any CPU
		{3F4B903F-F025-4ACC-8A1A-B972F200883A}.Release|Any CPU.Build.0 = Release|Any CPU
		{8495B31A-498A-47FC-9BF2-391C81C0482F}.Debug|Any CPU.ActiveCfg = Debug|Any CPU
		{8495B31A-498A-47FC-9BF2-391C81C0482F}.Debug|Any CPU.Build.0 = Debug|Any CPU
		{8495B31A-498A-47FC-9BF2-391C81C0482F}.Release|Any CPU.ActiveCfg = Release|Any CPU
		{8495B31A-498A-47FC-9BF2-391C81C0482F}.Release|Any CPU.Build.0 = Release|Any CPU
		{66B52C77-9D17-4614-BD56-7F891633DFF1}.Debug|Any CPU.ActiveCfg = Debug|Any CPU
		{66B52C77-9D17-4614-BD56-7F891633DFF1}.Debug|Any CPU.Build.0 = Debug|Any CPU
		{66B52C77-9D17-4614-BD56-7F891633DFF1}.Release|Any CPU.ActiveCfg = Release|Any CPU
		{66B52C77-9D17-4614-BD56-7F891633DFF1}.Release|Any CPU.Build.0 = Release|Any CPU
		{ECE985FB-6876-49C6-B035-55997F865C2F}.Debug|Any CPU.ActiveCfg = Debug|Any CPU
		{ECE985FB-6876-49C6-B035-55997F865C2F}.Debug|Any CPU.Build.0 = Debug|Any CPU
		{ECE985FB-6876-49C6-B035-55997F865C2F}.Release|Any CPU.ActiveCfg = Release|Any CPU
		{ECE985FB-6876-49C6-B035-55997F865C2F}.Release|Any CPU.Build.0 = Release|Any CPU
		{41411449-A094-4244-83E7-B1CA4C4E965B}.Debug|Any CPU.ActiveCfg = Debug|Any CPU
		{41411449-A094-4244-83E7-B1CA4C4E965B}.Debug|Any CPU.Build.0 = Debug|Any CPU
		{41411449-A094-4244-83E7-B1CA4C4E965B}.Release|Any CPU.ActiveCfg = Release|Any CPU
		{41411449-A094-4244-83E7-B1CA4C4E965B}.Release|Any CPU.Build.0 = Release|Any CPU
		{808E71DA-DDD0-4713-A932-4F601E1661EF}.Debug|Any CPU.ActiveCfg = Debug|Any CPU
		{808E71DA-DDD0-4713-A932-4F601E1661EF}.Debug|Any CPU.Build.0 = Debug|Any CPU
		{808E71DA-DDD0-4713-A932-4F601E1661EF}.Release|Any CPU.ActiveCfg = Release|Any CPU
		{808E71DA-DDD0-4713-A932-4F601E1661EF}.Release|Any CPU.Build.0 = Release|Any CPU
		{F4FDAE03-D513-4895-AAB3-7BD549CBD138}.Debug|Any CPU.ActiveCfg = Debug|Any CPU
		{F4FDAE03-D513-4895-AAB3-7BD549CBD138}.Debug|Any CPU.Build.0 = Debug|Any CPU
		{F4FDAE03-D513-4895-AAB3-7BD549CBD138}.Release|Any CPU.ActiveCfg = Release|Any CPU
		{F4FDAE03-D513-4895-AAB3-7BD549CBD138}.Release|Any CPU.Build.0 = Release|Any CPU
		{842FD532-F878-44C8-B6F3-E09ED89DF135}.Debug|Any CPU.ActiveCfg = Debug|Any CPU
		{842FD532-F878-44C8-B6F3-E09ED89DF135}.Debug|Any CPU.Build.0 = Debug|Any CPU
		{842FD532-F878-44C8-B6F3-E09ED89DF135}.Release|Any CPU.ActiveCfg = Release|Any CPU
		{842FD532-F878-44C8-B6F3-E09ED89DF135}.Release|Any CPU.Build.0 = Release|Any CPU
		{C37B2A6E-6CB5-4CB1-8EF1-90DAD9978FEE}.Debug|Any CPU.ActiveCfg = Debug|Any CPU
		{C37B2A6E-6CB5-4CB1-8EF1-90DAD9978FEE}.Debug|Any CPU.Build.0 = Debug|Any CPU
		{C37B2A6E-6CB5-4CB1-8EF1-90DAD9978FEE}.Release|Any CPU.ActiveCfg = Release|Any CPU
		{C37B2A6E-6CB5-4CB1-8EF1-90DAD9978FEE}.Release|Any CPU.Build.0 = Release|Any CPU
		{BEA5A5ED-8D52-48CA-8AB3-AF6F09BBB7D4}.Debug|Any CPU.ActiveCfg = Debug|Any CPU
		{BEA5A5ED-8D52-48CA-8AB3-AF6F09BBB7D4}.Debug|Any CPU.Build.0 = Debug|Any CPU
		{BEA5A5ED-8D52-48CA-8AB3-AF6F09BBB7D4}.Release|Any CPU.ActiveCfg = Release|Any CPU
		{BEA5A5ED-8D52-48CA-8AB3-AF6F09BBB7D4}.Release|Any CPU.Build.0 = Release|Any CPU
		{ADFEA51D-69C5-4E4B-A034-8CD776E12142}.Debug|Any CPU.ActiveCfg = Debug|Any CPU
		{ADFEA51D-69C5-4E4B-A034-8CD776E12142}.Debug|Any CPU.Build.0 = Debug|Any CPU
		{ADFEA51D-69C5-4E4B-A034-8CD776E12142}.Release|Any CPU.ActiveCfg = Release|Any CPU
		{ADFEA51D-69C5-4E4B-A034-8CD776E12142}.Release|Any CPU.Build.0 = Release|Any CPU
		{5E8AB0A4-E90B-4FA8-996C-93AFB71C2CC0}.Debug|Any CPU.ActiveCfg = Debug|Any CPU
		{5E8AB0A4-E90B-4FA8-996C-93AFB71C2CC0}.Debug|Any CPU.Build.0 = Debug|Any CPU
		{5E8AB0A4-E90B-4FA8-996C-93AFB71C2CC0}.Release|Any CPU.ActiveCfg = Release|Any CPU
		{5E8AB0A4-E90B-4FA8-996C-93AFB71C2CC0}.Release|Any CPU.Build.0 = Release|Any CPU
		{2F9B7924-74F2-471F-9C7A-FD2BE1FDFDF6}.Debug|Any CPU.ActiveCfg = Debug|Any CPU
		{2F9B7924-74F2-471F-9C7A-FD2BE1FDFDF6}.Debug|Any CPU.Build.0 = Debug|Any CPU
		{2F9B7924-74F2-471F-9C7A-FD2BE1FDFDF6}.Release|Any CPU.ActiveCfg = Release|Any CPU
		{2F9B7924-74F2-471F-9C7A-FD2BE1FDFDF6}.Release|Any CPU.Build.0 = Release|Any CPU
		{92949A34-FAF9-4719-A573-42CDD9790258}.Debug|Any CPU.ActiveCfg = Debug|Any CPU
		{92949A34-FAF9-4719-A573-42CDD9790258}.Debug|Any CPU.Build.0 = Debug|Any CPU
		{92949A34-FAF9-4719-A573-42CDD9790258}.Release|Any CPU.ActiveCfg = Release|Any CPU
		{92949A34-FAF9-4719-A573-42CDD9790258}.Release|Any CPU.Build.0 = Release|Any CPU
		{EE46C6C6-B08F-43FF-ACD6-0C426B3AF487}.Debug|Any CPU.ActiveCfg = Debug|Any CPU
		{EE46C6C6-B08F-43FF-ACD6-0C426B3AF487}.Debug|Any CPU.Build.0 = Debug|Any CPU
		{EE46C6C6-B08F-43FF-ACD6-0C426B3AF487}.Release|Any CPU.ActiveCfg = Release|Any CPU
		{EE46C6C6-B08F-43FF-ACD6-0C426B3AF487}.Release|Any CPU.Build.0 = Release|Any CPU
		{50FA0629-FE4C-4128-B651-70577499A87D}.Debug|Any CPU.ActiveCfg = Debug|Any CPU
		{50FA0629-FE4C-4128-B651-70577499A87D}.Debug|Any CPU.Build.0 = Debug|Any CPU
		{50FA0629-FE4C-4128-B651-70577499A87D}.Release|Any CPU.ActiveCfg = Release|Any CPU
		{50FA0629-FE4C-4128-B651-70577499A87D}.Release|Any CPU.Build.0 = Release|Any CPU
		{C1B4E6BD-4513-4031-8EBA-14A906B3580E}.Debug|Any CPU.ActiveCfg = Debug|Any CPU
		{C1B4E6BD-4513-4031-8EBA-14A906B3580E}.Debug|Any CPU.Build.0 = Debug|Any CPU
		{C1B4E6BD-4513-4031-8EBA-14A906B3580E}.Release|Any CPU.ActiveCfg = Release|Any CPU
		{C1B4E6BD-4513-4031-8EBA-14A906B3580E}.Release|Any CPU.Build.0 = Release|Any CPU
		{328B9205-A107-4D3C-A5C0-FD703B3FDC94}.Debug|Any CPU.ActiveCfg = Debug|Any CPU
		{328B9205-A107-4D3C-A5C0-FD703B3FDC94}.Debug|Any CPU.Build.0 = Debug|Any CPU
		{328B9205-A107-4D3C-A5C0-FD703B3FDC94}.Release|Any CPU.ActiveCfg = Release|Any CPU
		{328B9205-A107-4D3C-A5C0-FD703B3FDC94}.Release|Any CPU.Build.0 = Release|Any CPU
		{0349B0A6-C1D7-4170-B1C4-EAB6B9F6DBDC}.Debug|Any CPU.ActiveCfg = Debug|Any CPU
		{0349B0A6-C1D7-4170-B1C4-EAB6B9F6DBDC}.Debug|Any CPU.Build.0 = Debug|Any CPU
		{0349B0A6-C1D7-4170-B1C4-EAB6B9F6DBDC}.Release|Any CPU.ActiveCfg = Release|Any CPU
		{0349B0A6-C1D7-4170-B1C4-EAB6B9F6DBDC}.Release|Any CPU.Build.0 = Release|Any CPU
		{A63197C7-C672-4900-92EB-9D645605A05E}.Debug|Any CPU.ActiveCfg = Debug|Any CPU
		{A63197C7-C672-4900-92EB-9D645605A05E}.Debug|Any CPU.Build.0 = Debug|Any CPU
		{A63197C7-C672-4900-92EB-9D645605A05E}.Release|Any CPU.ActiveCfg = Release|Any CPU
		{A63197C7-C672-4900-92EB-9D645605A05E}.Release|Any CPU.Build.0 = Release|Any CPU
		{91FAE0D9-8B87-4411-A9E8-A5DBA46F3153}.Debug|Any CPU.ActiveCfg = Debug|Any CPU
		{91FAE0D9-8B87-4411-A9E8-A5DBA46F3153}.Debug|Any CPU.Build.0 = Debug|Any CPU
		{91FAE0D9-8B87-4411-A9E8-A5DBA46F3153}.Release|Any CPU.ActiveCfg = Release|Any CPU
		{91FAE0D9-8B87-4411-A9E8-A5DBA46F3153}.Release|Any CPU.Build.0 = Release|Any CPU
		{9E5E40AF-DBE5-43C4-A657-3E6ECE4E7B63}.Debug|Any CPU.ActiveCfg = Debug|Any CPU
		{9E5E40AF-DBE5-43C4-A657-3E6ECE4E7B63}.Debug|Any CPU.Build.0 = Debug|Any CPU
		{9E5E40AF-DBE5-43C4-A657-3E6ECE4E7B63}.Release|Any CPU.ActiveCfg = Release|Any CPU
		{9E5E40AF-DBE5-43C4-A657-3E6ECE4E7B63}.Release|Any CPU.Build.0 = Release|Any CPU
		{33268200-FBC9-4678-AB6A-14AA13D64AB3}.Debug|Any CPU.ActiveCfg = Debug|Any CPU
		{33268200-FBC9-4678-AB6A-14AA13D64AB3}.Debug|Any CPU.Build.0 = Debug|Any CPU
		{33268200-FBC9-4678-AB6A-14AA13D64AB3}.Release|Any CPU.ActiveCfg = Release|Any CPU
		{33268200-FBC9-4678-AB6A-14AA13D64AB3}.Release|Any CPU.Build.0 = Release|Any CPU
		{3027804E-C4A9-466B-A880-873230AA74AF}.Debug|Any CPU.ActiveCfg = Debug|Any CPU
		{3027804E-C4A9-466B-A880-873230AA74AF}.Debug|Any CPU.Build.0 = Debug|Any CPU
		{3027804E-C4A9-466B-A880-873230AA74AF}.Release|Any CPU.ActiveCfg = Release|Any CPU
		{3027804E-C4A9-466B-A880-873230AA74AF}.Release|Any CPU.Build.0 = Release|Any CPU
		{BAB0288C-403B-43FA-8E7F-DA79F1B17C54}.Debug|Any CPU.ActiveCfg = Debug|Any CPU
		{BAB0288C-403B-43FA-8E7F-DA79F1B17C54}.Debug|Any CPU.Build.0 = Debug|Any CPU
		{BAB0288C-403B-43FA-8E7F-DA79F1B17C54}.Release|Any CPU.ActiveCfg = Release|Any CPU
		{BAB0288C-403B-43FA-8E7F-DA79F1B17C54}.Release|Any CPU.Build.0 = Release|Any CPU
		{690E34FE-099B-4B78-9FC0-38EC53F5453E}.Debug|Any CPU.ActiveCfg = Debug|Any CPU
		{690E34FE-099B-4B78-9FC0-38EC53F5453E}.Debug|Any CPU.Build.0 = Debug|Any CPU
		{690E34FE-099B-4B78-9FC0-38EC53F5453E}.Release|Any CPU.ActiveCfg = Release|Any CPU
		{690E34FE-099B-4B78-9FC0-38EC53F5453E}.Release|Any CPU.Build.0 = Release|Any CPU
		{B447A898-A421-4324-90EB-1D31DD51F858}.Debug|Any CPU.ActiveCfg = Debug|Any CPU
		{B447A898-A421-4324-90EB-1D31DD51F858}.Debug|Any CPU.Build.0 = Debug|Any CPU
		{B447A898-A421-4324-90EB-1D31DD51F858}.Release|Any CPU.ActiveCfg = Release|Any CPU
		{B447A898-A421-4324-90EB-1D31DD51F858}.Release|Any CPU.Build.0 = Release|Any CPU
		{163BD585-98B5-4E20-8C44-F8AF95542169}.Debug|Any CPU.ActiveCfg = Debug|Any CPU
		{163BD585-98B5-4E20-8C44-F8AF95542169}.Debug|Any CPU.Build.0 = Debug|Any CPU
		{163BD585-98B5-4E20-8C44-F8AF95542169}.Release|Any CPU.ActiveCfg = Release|Any CPU
		{163BD585-98B5-4E20-8C44-F8AF95542169}.Release|Any CPU.Build.0 = Release|Any CPU
	EndGlobalSection
	GlobalSection(SolutionProperties) = preSolution
		HideSolutionNode = FALSE
	EndGlobalSection
	GlobalSection(ExtensibilityGlobals) = postSolution
		SolutionGuid = {F7F1ED1F-FE6A-4D7C-BB2F-BCB15A8D0D10}
	EndGlobalSection
EndGlobal
