
Microsoft Visual Studio Solution File, Format Version 12.00
# Visual Studio Version 16
VisualStudioVersion = 16.0.30503.244
MinimumVisualStudioVersion = 10.0.40219.1
Project("{FAE04EC0-301F-11D3-BF4B-00C04F79EFBC}") = "area_triangle", "object_oriented_programming\area_triangle.csproj", "{D2A5BAB4-2ABD-401C-B59D-64ABA9DBE275}"
EndProject
Project("{FAE04EC0-301F-11D3-BF4B-00C04F79EFBC}") = "person_data", "person_data\person_data.csproj", "{157DBF1E-CEFA-4DEC-89E0-3E2F78491E4E}"
EndProject
Project("{FAE04EC0-301F-11D3-BF4B-00C04F79EFBC}") = "average_salary", "average_salary\average_salary.csproj", "{3F4B903F-F025-4ACC-8A1A-B972F200883A}"
EndProject
Project("{FAE04EC0-301F-11D3-BF4B-00C04F79EFBC}") = "stock", "stock\stock.csproj", "{8495B31A-498A-47FC-9BF2-391C81C0482F}"
EndProject
Global
	GlobalSection(SolutionConfigurationPlatforms) = preSolution
		Debug|Any CPU = Debug|Any CPU
		Release|Any CPU = Release|Any CPU
	EndGlobalSection
	GlobalSection(ProjectConfigurationPlatforms) = postSolution
		{D2A5BAB4-2ABD-401C-B59D-64ABA9DBE275}.Debug|Any CPU.ActiveCfg = Debug|Any CPU
		{D2A5BAB4-2ABD-401C-B59D-64ABA9DBE275}.Debug|Any CPU.Build.0 = Debug|Any CPU
		{D2A5BAB4-2ABD-401C-B59D-64ABA9DBE275}.Release|Any CPU.ActiveCfg = Release|Any CPU
		{D2A5BAB4-2ABD-401C-B59D-64ABA9DBE275}.Release|Any CPU.Build.0 = Release|Any CPU
		{157DBF1E-CEFA-4DEC-89E0-3E2F78491E4E}.Debug|Any CPU.ActiveCfg = Debug|Any CPU
		{157DBF1E-CEFA-4DEC-89E0-3E2F78491E4E}.Debug|Any CPU.Build.0 = Debug|Any CPU
		{157DBF1E-CEFA-4DEC-89E0-3E2F78491E4E}.Release|Any CPU.ActiveCfg = Release|Any CPU
		{157DBF1E-CEFA-4DEC-89E0-3E2F78491E4E}.Release|Any CPU.Build.0 = Release|Any CPU
		{3F4B903F-F025-4ACC-8A1A-B972F200883A}.Debug|Any CPU.ActiveCfg = Debug|Any CPU
		{3F4B903F-F025-4ACC-8A1A-B972F200883A}.Debug|Any CPU.Build.0 = Debug|Any CPU
		{3F4B903F-F025-4ACC-8A1A-B972F200883A}.Release|Any CPU.ActiveCfg = Release|Any CPU
		{3F4B903F-F025-4ACC-8A1A-B972F200883A}.Release|Any CPU.Build.0 = Release|Any CPU
		{8495B31A-498A-47FC-9BF2-391C81C0482F}.Debug|Any CPU.ActiveCfg = Debug|Any CPU
		{8495B31A-498A-47FC-9BF2-391C81C0482F}.Debug|Any CPU.Build.0 = Debug|Any CPU
		{8495B31A-498A-47FC-9BF2-391C81C0482F}.Release|Any CPU.ActiveCfg = Release|Any CPU
		{8495B31A-498A-47FC-9BF2-391C81C0482F}.Release|Any CPU.Build.0 = Release|Any CPU
	EndGlobalSection
	GlobalSection(SolutionProperties) = preSolution
		HideSolutionNode = FALSE
	EndGlobalSection
	GlobalSection(ExtensibilityGlobals) = postSolution
		SolutionGuid = {F7F1ED1F-FE6A-4D7C-BB2F-BCB15A8D0D10}
	EndGlobalSection
EndGlobal
